
Microsoft Visual Studio Solution File, Format Version 12.00
# Visual Studio 15
VisualStudioVersion = 15.0.27130.2036
MinimumVisualStudioVersion = 10.0.40219.1
Project("{FAE04EC0-301F-11D3-BF4B-00C04F79EFBC}") = "MVC_TTEST", "MVC_TTEST\MVC_TTEST.csproj", "{FC1A295C-81D9-48FD-BE6C-523E9824F122}"
EndProject
Global
	GlobalSection(SolutionConfigurationPlatforms) = preSolution
		Debug|Any CPU = Debug|Any CPU
		Release|Any CPU = Release|Any CPU
	EndGlobalSection
	GlobalSection(ProjectConfigurationPlatforms) = postSolution
		{FC1A295C-81D9-48FD-BE6C-523E9824F122}.Debug|Any CPU.ActiveCfg = Debug|Any CPU
		{FC1A295C-81D9-48FD-BE6C-523E9824F122}.Debug|Any CPU.Build.0 = Debug|Any CPU
		{FC1A295C-81D9-48FD-BE6C-523E9824F122}.Release|Any CPU.ActiveCfg = Release|Any CPU
		{FC1A295C-81D9-48FD-BE6C-523E9824F122}.Release|Any CPU.Build.0 = Release|Any CPU
	EndGlobalSection
	GlobalSection(SolutionProperties) = preSolution
		HideSolutionNode = FALSE
	EndGlobalSection
	GlobalSection(ExtensibilityGlobals) = postSolution
		SolutionGuid = {CE3E8111-30E4-4BE9-8218-89DFFC918973}
	EndGlobalSection
EndGlobal
